
Microsoft Visual Studio Solution File, Format Version 12.00
# Visual Studio 2012
Project("{FAE04EC0-301F-11D3-BF4B-00C04F79EFBC}") = "eqip.zoomer", "eqip.zoomer\eqip.zoomer.csproj", "{80682206-CBBA-4557-BDB3-B0420D5C5768}"
EndProject
Project("{FAE04EC0-301F-11D3-BF4B-00C04F79EFBC}") = "eqip.zoomer.tests", "eqip.zoomer.tests\eqip.zoomer.tests.csproj", "{0AFC29F6-73D4-453B-A5CF-392E556D8567}"
EndProject
Global
	GlobalSection(SolutionConfigurationPlatforms) = preSolution
		Debug|Any CPU = Debug|Any CPU
		Release|Any CPU = Release|Any CPU
	EndGlobalSection
	GlobalSection(ProjectConfigurationPlatforms) = postSolution
		{80682206-CBBA-4557-BDB3-B0420D5C5768}.Debug|Any CPU.ActiveCfg = Debug|Any CPU
		{80682206-CBBA-4557-BDB3-B0420D5C5768}.Debug|Any CPU.Build.0 = Debug|Any CPU
		{80682206-CBBA-4557-BDB3-B0420D5C5768}.Release|Any CPU.ActiveCfg = Release|Any CPU
		{80682206-CBBA-4557-BDB3-B0420D5C5768}.Release|Any CPU.Build.0 = Release|Any CPU
		{0AFC29F6-73D4-453B-A5CF-392E556D8567}.Debug|Any CPU.ActiveCfg = Debug|Any CPU
		{0AFC29F6-73D4-453B-A5CF-392E556D8567}.Debug|Any CPU.Build.0 = Debug|Any CPU
		{0AFC29F6-73D4-453B-A5CF-392E556D8567}.Release|Any CPU.ActiveCfg = Release|Any CPU
		{0AFC29F6-73D4-453B-A5CF-392E556D8567}.Release|Any CPU.Build.0 = Release|Any CPU
	EndGlobalSection
	GlobalSection(SolutionProperties) = preSolution
		HideSolutionNode = FALSE
	EndGlobalSection
EndGlobal
